
Microsoft Visual Studio Solution File, Format Version 12.00
# Visual Studio 15
VisualStudioVersion = 15.0.27004.2009
MinimumVisualStudioVersion = 10.0.40219.1
Project("{FAE04EC0-301F-11D3-BF4B-00C04F79EFBC}") = "PostgreSQLTEst", "PostgreSQLTEst\PostgreSQLTEst.csproj", "{E0B238ED-AC9E-4C92-B669-3D122D78465B}"
EndProject
Global
	GlobalSection(SolutionConfigurationPlatforms) = preSolution
		Debug|Any CPU = Debug|Any CPU
		Release|Any CPU = Release|Any CPU
	EndGlobalSection
	GlobalSection(ProjectConfigurationPlatforms) = postSolution
		{E0B238ED-AC9E-4C92-B669-3D122D78465B}.Debug|Any CPU.ActiveCfg = Debug|Any CPU
		{E0B238ED-AC9E-4C92-B669-3D122D78465B}.Debug|Any CPU.Build.0 = Debug|Any CPU
		{E0B238ED-AC9E-4C92-B669-3D122D78465B}.Release|Any CPU.ActiveCfg = Release|Any CPU
		{E0B238ED-AC9E-4C92-B669-3D122D78465B}.Release|Any CPU.Build.0 = Release|Any CPU
	EndGlobalSection
	GlobalSection(SolutionProperties) = preSolution
		HideSolutionNode = FALSE
	EndGlobalSection
	GlobalSection(ExtensibilityGlobals) = postSolution
		SolutionGuid = {4C1CCA95-5788-4345-8E13-4B68511B2246}
	EndGlobalSection
EndGlobal
